
Microsoft Visual Studio Solution File, Format Version 12.00
# Visual Studio Version 17
VisualStudioVersion = 17.8.34316.72
MinimumVisualStudioVersion = 10.0.40219.1
Project("{FAE04EC0-301F-11D3-BF4B-00C04F79EFBC}") = "GreenThumb", "GreenThumb\GreenThumb.csproj", "{DFBA81D7-CF11-45AD-9256-5336B2AD2D59}"
EndProject
Global
	GlobalSection(SolutionConfigurationPlatforms) = preSolution
		Debug|Any CPU = Debug|Any CPU
		Release|Any CPU = Release|Any CPU
	EndGlobalSection
	GlobalSection(ProjectConfigurationPlatforms) = postSolution
		{DFBA81D7-CF11-45AD-9256-5336B2AD2D59}.Debug|Any CPU.ActiveCfg = Debug|Any CPU
		{DFBA81D7-CF11-45AD-9256-5336B2AD2D59}.Debug|Any CPU.Build.0 = Debug|Any CPU
		{DFBA81D7-CF11-45AD-9256-5336B2AD2D59}.Release|Any CPU.ActiveCfg = Release|Any CPU
		{DFBA81D7-CF11-45AD-9256-5336B2AD2D59}.Release|Any CPU.Build.0 = Release|Any CPU
	EndGlobalSection
	GlobalSection(SolutionProperties) = preSolution
		HideSolutionNode = FALSE
	EndGlobalSection
	GlobalSection(ExtensibilityGlobals) = postSolution
		SolutionGuid = {B96852C6-7B58-4435-93B9-7440ECAEE564}
	EndGlobalSection
EndGlobal
